// !$*UTF8*$!
{
	archiveVersion = 1;
	classes = {
	};
	objectVersion = 46;
	objects = {

/* Begin PBXBuildFile section */
		C2EE273B1AD2E29600B90B49 /* NetReachability.h in Headers */ = {isa = PBXBuildFile; fileRef = C2EE273A1AD2E29600B90B49 /* NetReachability.h */; settings = {ATTRIBUTES = (Public, ); }; };
		C2EE27411AD2E29600B90B49 /* NetReachability.framework in Frameworks */ = {isa = PBXBuildFile; fileRef = C2EE27351AD2E29600B90B49 /* NetReachability.framework */; };
		C2EE27481AD2E29600B90B49 /* NetReachabilityTests.swift in Sources */ = {isa = PBXBuildFile; fileRef = C2EE27471AD2E29600B90B49 /* NetReachabilityTests.swift */; };
		C2EE27531AD2E2B700B90B49 /* NetReachability.swift in Sources */ = {isa = PBXBuildFile; fileRef = C2EE27511AD2E2B700B90B49 /* NetReachability.swift */; };
		C2EF428A1AD40AE000209EA8 /* NetReachability.swift in Sources */ = {isa = PBXBuildFile; fileRef = C2EE27511AD2E2B700B90B49 /* NetReachability.swift */; };
/* End PBXBuildFile section */

/* Begin PBXContainerItemProxy section */
		C2EE27421AD2E29600B90B49 /* PBXContainerItemProxy */ = {
			isa = PBXContainerItemProxy;
			containerPortal = C2EE272C1AD2E29600B90B49 /* Project object */;
			proxyType = 1;
			remoteGlobalIDString = C2EE27341AD2E29600B90B49;
			remoteInfo = NetReachability;
		};
/* End PBXContainerItemProxy section */

/* Begin PBXFileReference section */
		C2EE27351AD2E29600B90B49 /* NetReachability.framework */ = {isa = PBXFileReference; explicitFileType = wrapper.framework; includeInIndex = 0; path = NetReachability.framework; sourceTree = BUILT_PRODUCTS_DIR; };
		C2EE27391AD2E29600B90B49 /* Info.plist */ = {isa = PBXFileReference; lastKnownFileType = text.plist.xml; path = Info.plist; sourceTree = "<group>"; };
		C2EE273A1AD2E29600B90B49 /* NetReachability.h */ = {isa = PBXFileReference; lastKnownFileType = sourcecode.c.h; path = NetReachability.h; sourceTree = "<group>"; };
		C2EE27401AD2E29600B90B49 /* NetReachabilityTests.xctest */ = {isa = PBXFileReference; explicitFileType = wrapper.cfbundle; includeInIndex = 0; path = NetReachabilityTests.xctest; sourceTree = BUILT_PRODUCTS_DIR; };
		C2EE27461AD2E29600B90B49 /* Info.plist */ = {isa = PBXFileReference; lastKnownFileType = text.plist.xml; path = Info.plist; sourceTree = "<group>"; };
		C2EE27471AD2E29600B90B49 /* NetReachabilityTests.swift */ = {isa = PBXFileReference; lastKnownFileType = sourcecode.swift; path = NetReachabilityTests.swift; sourceTree = "<group>"; };
		C2EE27511AD2E2B700B90B49 /* NetReachability.swift */ = {isa = PBXFileReference; fileEncoding = 4; lastKnownFileType = sourcecode.swift; path = NetReachability.swift; sourceTree = "<group>"; };
/* End PBXFileReference section */

/* Begin PBXFrameworksBuildPhase section */
		C2EE27311AD2E29600B90B49 /* Frameworks */ = {
			isa = PBXFrameworksBuildPhase;
			buildActionMask = 2147483647;
			files = (
			);
			runOnlyForDeploymentPostprocessing = 0;
		};
		C2EE273D1AD2E29600B90B49 /* Frameworks */ = {
			isa = PBXFrameworksBuildPhase;
			buildActionMask = 2147483647;
			files = (
				C2EE27411AD2E29600B90B49 /* NetReachability.framework in Frameworks */,
			);
			runOnlyForDeploymentPostprocessing = 0;
		};
/* End PBXFrameworksBuildPhase section */

/* Begin PBXGroup section */
		C2EE272B1AD2E29600B90B49 = {
			isa = PBXGroup;
			children = (
				C2EE27371AD2E29600B90B49 /* NetReachability */,
				C2EE27441AD2E29600B90B49 /* NetReachabilityTests */,
				C2EE27361AD2E29600B90B49 /* Products */,
			);
			sourceTree = "<group>";
		};
		C2EE27361AD2E29600B90B49 /* Products */ = {
			isa = PBXGroup;
			children = (
				C2EE27351AD2E29600B90B49 /* NetReachability.framework */,
				C2EE27401AD2E29600B90B49 /* NetReachabilityTests.xctest */,
			);
			name = Products;
			sourceTree = "<group>";
		};
		C2EE27371AD2E29600B90B49 /* NetReachability */ = {
			isa = PBXGroup;
			children = (
				C2EE27521AD2E2B700B90B49 /* Source */,
				C2EE273A1AD2E29600B90B49 /* NetReachability.h */,
				C2EE27381AD2E29600B90B49 /* Supporting Files */,
			);
			path = NetReachability;
			sourceTree = "<group>";
		};
		C2EE27381AD2E29600B90B49 /* Supporting Files */ = {
			isa = PBXGroup;
			children = (
				C2EE27391AD2E29600B90B49 /* Info.plist */,
			);
			name = "Supporting Files";
			sourceTree = "<group>";
		};
		C2EE27441AD2E29600B90B49 /* NetReachabilityTests */ = {
			isa = PBXGroup;
			children = (
				C2EE27471AD2E29600B90B49 /* NetReachabilityTests.swift */,
				C2EE27451AD2E29600B90B49 /* Supporting Files */,
			);
			path = NetReachabilityTests;
			sourceTree = "<group>";
		};
		C2EE27451AD2E29600B90B49 /* Supporting Files */ = {
			isa = PBXGroup;
			children = (
				C2EE27461AD2E29600B90B49 /* Info.plist */,
			);
			name = "Supporting Files";
			sourceTree = "<group>";
		};
		C2EE27521AD2E2B700B90B49 /* Source */ = {
			isa = PBXGroup;
			children = (
				C2EE27511AD2E2B700B90B49 /* NetReachability.swift */,
			);
			name = Source;
			path = ../../Source;
			sourceTree = "<group>";
		};
/* End PBXGroup section */

/* Begin PBXHeadersBuildPhase section */
		C2EE27321AD2E29600B90B49 /* Headers */ = {
			isa = PBXHeadersBuildPhase;
			buildActionMask = 2147483647;
			files = (
				C2EE273B1AD2E29600B90B49 /* NetReachability.h in Headers */,
			);
			runOnlyForDeploymentPostprocessing = 0;
		};
/* End PBXHeadersBuildPhase section */

/* Begin PBXNativeTarget section */
		C2EE27341AD2E29600B90B49 /* NetReachability */ = {
			isa = PBXNativeTarget;
			buildConfigurationList = C2EE274B1AD2E29600B90B49 /* Build configuration list for PBXNativeTarget "NetReachability" */;
			buildPhases = (
				C2EE27301AD2E29600B90B49 /* Sources */,
				C2EE27311AD2E29600B90B49 /* Frameworks */,
				C2EE27321AD2E29600B90B49 /* Headers */,
				C2EE27331AD2E29600B90B49 /* Resources */,
			);
			buildRules = (
			);
			dependencies = (
			);
			name = NetReachability;
			productName = NetReachability;
			productReference = C2EE27351AD2E29600B90B49 /* NetReachability.framework */;
			productType = "com.apple.product-type.framework";
		};
		C2EE273F1AD2E29600B90B49 /* NetReachabilityTests */ = {
			isa = PBXNativeTarget;
			buildConfigurationList = C2EE274E1AD2E29600B90B49 /* Build configuration list for PBXNativeTarget "NetReachabilityTests" */;
			buildPhases = (
				C2EE273C1AD2E29600B90B49 /* Sources */,
				C2EE273D1AD2E29600B90B49 /* Frameworks */,
				C2EE273E1AD2E29600B90B49 /* Resources */,
			);
			buildRules = (
			);
			dependencies = (
				C2EE27431AD2E29600B90B49 /* PBXTargetDependency */,
			);
			name = NetReachabilityTests;
			productName = NetReachabilityTests;
			productReference = C2EE27401AD2E29600B90B49 /* NetReachabilityTests.xctest */;
			productType = "com.apple.product-type.bundle.unit-test";
		};
/* End PBXNativeTarget section */

/* Begin PBXProject section */
		C2EE272C1AD2E29600B90B49 /* Project object */ = {
			isa = PBXProject;
			attributes = {
				LastUpgradeCheck = 0630;
				ORGANIZATIONNAME = joyios;
				TargetAttributes = {
					C2EE27341AD2E29600B90B49 = {
						CreatedOnToolsVersion = 6.3;
					};
					C2EE273F1AD2E29600B90B49 = {
						CreatedOnToolsVersion = 6.3;
					};
				};
			};
			buildConfigurationList = C2EE272F1AD2E29600B90B49 /* Build configuration list for PBXProject "NetReachability" */;
			compatibilityVersion = "Xcode 3.2";
			developmentRegion = English;
			hasScannedForEncodings = 0;
			knownRegions = (
				en,
			);
			mainGroup = C2EE272B1AD2E29600B90B49;
			productRefGroup = C2EE27361AD2E29600B90B49 /* Products */;
			projectDirPath = "";
			projectRoot = "";
			targets = (
				C2EE27341AD2E29600B90B49 /* NetReachability */,
				C2EE273F1AD2E29600B90B49 /* NetReachabilityTests */,
			);
		};
/* End PBXProject section */

/* Begin PBXResourcesBuildPhase section */
		C2EE27331AD2E29600B90B49 /* Resources */ = {
			isa = PBXResourcesBuildPhase;
			buildActionMask = 2147483647;
			files = (
			);
			runOnlyForDeploymentPostprocessing = 0;
		};
		C2EE273E1AD2E29600B90B49 /* Resources */ = {
			isa = PBXResourcesBuildPhase;
			buildActionMask = 2147483647;
			files = (
			);
			runOnlyForDeploymentPostprocessing = 0;
		};
/* End PBXResourcesBuildPhase section */

/* Begin PBXSourcesBuildPhase section */
		C2EE27301AD2E29600B90B49 /* Sources */ = {
			isa = PBXSourcesBuildPhase;
			buildActionMask = 2147483647;
			files = (
				C2EE27531AD2E2B700B90B49 /* NetReachability.swift in Sources */,
			);
			runOnlyForDeploymentPostprocessing = 0;
		};
		C2EE273C1AD2E29600B90B49 /* Sources */ = {
			isa = PBXSourcesBuildPhase;
			buildActionMask = 2147483647;
			files = (
				C2EF428A1AD40AE000209EA8 /* NetReachability.swift in Sources */,
				C2EE27481AD2E29600B90B49 /* NetReachabilityTests.swift in Sources */,
			);
			runOnlyForDeploymentPostprocessing = 0;
		};
/* End PBXSourcesBuildPhase section */

/* Begin PBXTargetDependency section */
		C2EE27431AD2E29600B90B49 /* PBXTargetDependency */ = {
			isa = PBXTargetDependency;
			target = C2EE27341AD2E29600B90B49 /* NetReachability */;
			targetProxy = C2EE27421AD2E29600B90B49 /* PBXContainerItemProxy */;
		};
/* End PBXTargetDependency section */

/* Begin XCBuildConfiguration section */
		C2EE27491AD2E29600B90B49 /* Debug */ = {
			isa = XCBuildConfiguration;
			buildSettings = {
				ALWAYS_SEARCH_USER_PATHS = NO;
				CLANG_CXX_LANGUAGE_STANDARD = "gnu++0x";
				CLANG_CXX_LIBRARY = "libc++";
				CLANG_ENABLE_MODULES = YES;
				CLANG_ENABLE_OBJC_ARC = YES;
				CLANG_WARN_BOOL_CONVERSION = YES;
				CLANG_WARN_CONSTANT_CONVERSION = YES;
				CLANG_WARN_DIRECT_OBJC_ISA_USAGE = YES_ERROR;
				CLANG_WARN_EMPTY_BODY = YES;
				CLANG_WARN_ENUM_CONVERSION = YES;
				CLANG_WARN_INT_CONVERSION = YES;
				CLANG_WARN_OBJC_ROOT_CLASS = YES_ERROR;
				CLANG_WARN_UNREACHABLE_CODE = YES;
				CLANG_WARN__DUPLICATE_METHOD_MATCH = YES;
				"CODE_SIGN_IDENTITY[sdk=iphoneos*]" = "iPhone Developer";
				COPY_PHASE_STRIP = NO;
				CURRENT_PROJECT_VERSION = 1;
				DEBUG_INFORMATION_FORMAT = "dwarf-with-dsym";
				ENABLE_STRICT_OBJC_MSGSEND = YES;
				GCC_C_LANGUAGE_STANDARD = gnu99;
				GCC_DYNAMIC_NO_PIC = NO;
				GCC_NO_COMMON_BLOCKS = YES;
				GCC_OPTIMIZATION_LEVEL = 0;
				GCC_PREPROCESSOR_DEFINITIONS = (
					"DEBUG=1",
					"$(inherited)",
				);
				GCC_SYMBOLS_PRIVATE_EXTERN = NO;
				GCC_WARN_64_TO_32_BIT_CONVERSION = YES;
				GCC_WARN_ABOUT_RETURN_TYPE = YES_ERROR;
				GCC_WARN_UNDECLARED_SELECTOR = YES;
				GCC_WARN_UNINITIALIZED_AUTOS = YES_AGGRESSIVE;
				GCC_WARN_UNUSED_FUNCTION = YES;
				GCC_WARN_UNUSED_VARIABLE = YES;
				IPHONEOS_DEPLOYMENT_TARGET = 8.3;
				MTL_ENABLE_DEBUG_INFO = YES;
				ONLY_ACTIVE_ARCH = YES;
				SDKROOT = iphoneos;
				SWIFT_OPTIMIZATION_LEVEL = "-Onone";
				TARGETED_DEVICE_FAMILY = "1,2";
				VERSIONING_SYSTEM = "apple-generic";
				VERSION_INFO_PREFIX = "";
			};
			name = Debug;
		};
		C2EE274A1AD2E29600B90B49 /* Release */ = {
			isa = XCBuildConfiguration;
			buildSettings = {
				ALWAYS_SEARCH_USER_PATHS = NO;
				CLANG_CXX_LANGUAGE_STANDARD = "gnu++0x";
				CLANG_CXX_LIBRARY = "libc++";
				CLANG_ENABLE_MODULES = YES;
				CLANG_ENABLE_OBJC_ARC = YES;
				CLANG_WARN_BOOL_CONVERSION = YES;
				CLANG_WARN_CONSTANT_CONVERSION = YES;
				CLANG_WARN_DIRECT_OBJC_ISA_USAGE = YES_ERROR;
				CLANG_WARN_EMPTY_BODY = YES;
				CLANG_WARN_ENUM_CONVERSION = YES;
				CLANG_WARN_INT_CONVERSION = YES;
				CLANG_WARN_OBJC_ROOT_CLASS = YES_ERROR;
				CLANG_WARN_UNREACHABLE_CODE = YES;
				CLANG_WARN__DUPLICATE_METHOD_MATCH = YES;
				"CODE_SIGN_IDENTITY[sdk=iphoneos*]" = "iPhone Developer";
				COPY_PHASE_STRIP = NO;
				CURRENT_PROJECT_VERSION = 1;
				DEBUG_INFORMATION_FORMAT = "dwarf-with-dsym";
				ENABLE_NS_ASSERTIONS = NO;
				ENABLE_STRICT_OBJC_MSGSEND = YES;
				GCC_C_LANGUAGE_STANDARD = gnu99;
				GCC_NO_COMMON_BLOCKS = YES;
				GCC_WARN_64_TO_32_BIT_CONVERSION = YES;
				GCC_WARN_ABOUT_RETURN_TYPE = YES_ERROR;
				GCC_WARN_UNDECLARED_SELECTOR = YES;
				GCC_WARN_UNINITIALIZED_AUTOS = YES_AGGRESSIVE;
				GCC_WARN_UNUSED_FUNCTION = YES;
				GCC_WARN_UNUSED_VARIABLE = YES;
				IPHONEOS_DEPLOYMENT_TARGET = 8.3;
				MTL_ENABLE_DEBUG_INFO = NO;
				SDKROOT = iphoneos;
				TARGETED_DEVICE_FAMILY = "1,2";
				VALIDATE_PRODUCT = YES;
				VERSIONING_SYSTEM = "apple-generic";
				VERSION_INFO_PREFIX = "";
			};
			name = Release;
		};
		C2EE274C1AD2E29600B90B49 /* Debug */ = {
			isa = XCBuildConfiguration;
			buildSettings = {
				CLANG_ENABLE_MODULES = YES;
				CODE_SIGN_IDENTITY = "iPhone Developer";
				DEFINES_MODULE = YES;
				DYLIB_COMPATIBILITY_VERSION = 1;
				DYLIB_CURRENT_VERSION = 1;
				DYLIB_INSTALL_NAME_BASE = "@rpath";
				INFOPLIST_FILE = NetReachability/Info.plist;
				INSTALL_PATH = "$(LOCAL_LIBRARY_DIR)/Frameworks";
				IPHONEOS_DEPLOYMENT_TARGET = 8.0;
				LD_RUNPATH_SEARCH_PATHS = "$(inherited) @executable_path/Frameworks @loader_path/Frameworks";
				PRODUCT_NAME = "$(TARGET_NAME)";
				SKIP_INSTALL = YES;
				SWIFT_OBJC_BRIDGING_HEADER = "";
				SWIFT_OPTIMIZATION_LEVEL = "-Onone";
			};
			name = Debug;
		};
		C2EE274D1AD2E29600B90B49 /* Release */ = {
			isa = XCBuildConfiguration;
			buildSettings = {
				CLANG_ENABLE_MODULES = YES;
				CODE_SIGN_IDENTITY = "";
				DEFINES_MODULE = YES;
				DYLIB_COMPATIBILITY_VERSION = 1;
				DYLIB_CURRENT_VERSION = 1;
				DYLIB_INSTALL_NAME_BASE = "@rpath";
				INFOPLIST_FILE = NetReachability/Info.plist;
				INSTALL_PATH = "$(LOCAL_LIBRARY_DIR)/Frameworks";
				IPHONEOS_DEPLOYMENT_TARGET = 8.0;
				LD_RUNPATH_SEARCH_PATHS = "$(inherited) @executable_path/Frameworks @loader_path/Frameworks";
				PRODUCT_NAME = "$(TARGET_NAME)";
				SKIP_INSTALL = YES;
				SWIFT_OBJC_BRIDGING_HEADER = "";
			};
			name = Release;
		};
		C2EE274F1AD2E29600B90B49 /* Debug */ = {
			isa = XCBuildConfiguration;
			buildSettings = {
				CLANG_ENABLE_MODULES = YES;
				FRAMEWORK_SEARCH_PATHS = (
					"$(SDKROOT)/Developer/Library/Frameworks",
					"$(inherited)",
				);
				GCC_PREPROCESSOR_DEFINITIONS = (
					"DEBUG=1",
					"$(inherited)",
				);
				INFOPLIST_FILE = NetReachabilityTests/Info.plist;
				IPHONEOS_DEPLOYMENT_TARGET = 8.0;
				LD_RUNPATH_SEARCH_PATHS = "$(inherited) @executable_path/Frameworks @loader_path/Frameworks";
				PRODUCT_NAME = "$(TARGET_NAME)";
				SWIFT_OBJC_BRIDGING_HEADER = "";
				SWIFT_OPTIMIZATION_LEVEL = "-Onone";
			};
			name = Debug;
		};
		C2EE27501AD2E29600B90B49 /* Release */ = {
			isa = XCBuildConfiguration;
			buildSettings = {
				CLANG_ENABLE_MODULES = YES;
				FRAMEWORK_SEARCH_PATHS = (
					"$(SDKROOT)/Developer/Library/Frameworks",
					"$(inherited)",
				);
				INFOPLIST_FILE = NetReachabilityTests/Info.plist;
				IPHONEOS_DEPLOYMENT_TARGET = 8.0;
				LD_RUNPATH_SEARCH_PATHS = "$(inherited) @executable_path/Frameworks @loader_path/Frameworks";
				PRODUCT_NAME = "$(TARGET_NAME)";
				SWIFT_OBJC_BRIDGING_HEADER = "";
			};
			name = Release;
		};
/* End XCBuildConfiguration section */

/* Begin XCConfigurationList section */
		C2EE272F1AD2E29600B90B49 /* Build configuration list for PBXProject "NetReachability" */ = {
			isa = XCConfigurationList;
			buildConfigurations = (
				C2EE27491AD2E29600B90B49 /* Debug */,
				C2EE274A1AD2E29600B90B49 /* Release */,
			);
			defaultConfigurationIsVisible = 0;
			defaultConfigurationName = Release;
		};
		C2EE274B1AD2E29600B90B49 /* Build configuration list for PBXNativeTarget "NetReachability" */ = {
			isa = XCConfigurationList;
			buildConfigurations = (
				C2EE274C1AD2E29600B90B49 /* Debug */,
				C2EE274D1AD2E29600B90B49 /* Release */,
			);
			defaultConfigurationIsVisible = 0;
			defaultConfigurationName = Release;
		};
		C2EE274E1AD2E29600B90B49 /* Build configuration list for PBXNativeTarget "NetReachabilityTests" */ = {
			isa = XCConfigurationList;
			buildConfigurations = (
				C2EE274F1AD2E29600B90B49 /* Debug */,
				C2EE27501AD2E29600B90B49 /* Release */,
			);
			defaultConfigurationIsVisible = 0;
			defaultConfigurationName = Release;
		};
/* End XCConfigurationList section */
	};
	rootObject = C2EE272C1AD2E29600B90B49 /* Project object */;
}
